
Microsoft Visual Studio Solution File, Format Version 12.00
# Visual Studio Version 17
VisualStudioVersion = 17.7.34202.233
MinimumVisualStudioVersion = 10.0.40219.1
Project("{FAE04EC0-301F-11D3-BF4B-00C04F79EFBC}") = "CoreEssentials", "CoreEssentials\CoreEssentials.csproj", "{6580612B-2A88-40A0-B51F-99BC2317AE18}"
EndProject
Project("{FAE04EC0-301F-11D3-BF4B-00C04F79EFBC}") = "CoreEssentials.Tests", "CoreEssentials.Tests\CoreEssentials.Tests.csproj", "{D2B37FCD-BB16-41F9-9E40-53957508E3D3}"
EndProject
Project("{FAE04EC0-301F-11D3-BF4B-00C04F79EFBC}") = "CoreEssentials.Playground", "CoreEssentials.Playground\CoreEssentials.Playground.csproj", "{86883A88-935E-471C-94CC-A75BF8047D43}"
EndProject
Project("{FAE04EC0-301F-11D3-BF4B-00C04F79EFBC}") = "CoreEssentials.Physics", "CoreEssentials.Physics\CoreEssentials.Physics.csproj", "{19889646-5C86-4EDD-83D5-25E164F3617F}"
EndProject
Global
	GlobalSection(SolutionConfigurationPlatforms) = preSolution
		Debug|Any CPU = Debug|Any CPU
		Debug|x64 = Debug|x64
		Debug|x86 = Debug|x86
		Release|Any CPU = Release|Any CPU
		Release|x64 = Release|x64
		Release|x86 = Release|x86
	EndGlobalSection
	GlobalSection(ProjectConfigurationPlatforms) = postSolution
		{6580612B-2A88-40A0-B51F-99BC2317AE18}.Debug|Any CPU.ActiveCfg = Debug|Any CPU
		{6580612B-2A88-40A0-B51F-99BC2317AE18}.Debug|Any CPU.Build.0 = Debug|Any CPU
		{6580612B-2A88-40A0-B51F-99BC2317AE18}.Debug|x64.ActiveCfg = Debug|Any CPU
		{6580612B-2A88-40A0-B51F-99BC2317AE18}.Debug|x64.Build.0 = Debug|Any CPU
		{6580612B-2A88-40A0-B51F-99BC2317AE18}.Debug|x86.ActiveCfg = Debug|Any CPU
		{6580612B-2A88-40A0-B51F-99BC2317AE18}.Debug|x86.Build.0 = Debug|Any CPU
		{6580612B-2A88-40A0-B51F-99BC2317AE18}.Release|Any CPU.ActiveCfg = Release|Any CPU
		{6580612B-2A88-40A0-B51F-99BC2317AE18}.Release|Any CPU.Build.0 = Release|Any CPU
		{6580612B-2A88-40A0-B51F-99BC2317AE18}.Release|x64.ActiveCfg = Release|Any CPU
		{6580612B-2A88-40A0-B51F-99BC2317AE18}.Release|x64.Build.0 = Release|Any CPU
		{6580612B-2A88-40A0-B51F-99BC2317AE18}.Release|x86.ActiveCfg = Release|Any CPU
		{6580612B-2A88-40A0-B51F-99BC2317AE18}.Release|x86.Build.0 = Release|Any CPU
		{D2B37FCD-BB16-41F9-9E40-53957508E3D3}.Debug|Any CPU.ActiveCfg = Debug|Any CPU
		{D2B37FCD-BB16-41F9-9E40-53957508E3D3}.Debug|Any CPU.Build.0 = Debug|Any CPU
		{D2B37FCD-BB16-41F9-9E40-53957508E3D3}.Debug|x64.ActiveCfg = Debug|Any CPU
		{D2B37FCD-BB16-41F9-9E40-53957508E3D3}.Debug|x64.Build.0 = Debug|Any CPU
		{D2B37FCD-BB16-41F9-9E40-53957508E3D3}.Debug|x86.ActiveCfg = Debug|Any CPU
		{D2B37FCD-BB16-41F9-9E40-53957508E3D3}.Debug|x86.Build.0 = Debug|Any CPU
		{D2B37FCD-BB16-41F9-9E40-53957508E3D3}.Release|Any CPU.ActiveCfg = Release|Any CPU
		{D2B37FCD-BB16-41F9-9E40-53957508E3D3}.Release|Any CPU.Build.0 = Release|Any CPU
		{D2B37FCD-BB16-41F9-9E40-53957508E3D3}.Release|x64.ActiveCfg = Release|Any CPU
		{D2B37FCD-BB16-41F9-9E40-53957508E3D3}.Release|x64.Build.0 = Release|Any CPU
		{D2B37FCD-BB16-41F9-9E40-53957508E3D3}.Release|x86.ActiveCfg = Release|Any CPU
		{D2B37FCD-BB16-41F9-9E40-53957508E3D3}.Release|x86.Build.0 = Release|Any CPU
		{86883A88-935E-471C-94CC-A75BF8047D43}.Debug|Any CPU.ActiveCfg = Debug|Any CPU
		{86883A88-935E-471C-94CC-A75BF8047D43}.Debug|Any CPU.Build.0 = Debug|Any CPU
		{86883A88-935E-471C-94CC-A75BF8047D43}.Debug|x64.ActiveCfg = Debug|Any CPU
		{86883A88-935E-471C-94CC-A75BF8047D43}.Debug|x64.Build.0 = Debug|Any CPU
		{86883A88-935E-471C-94CC-A75BF8047D43}.Debug|x86.ActiveCfg = Debug|Any CPU
		{86883A88-935E-471C-94CC-A75BF8047D43}.Debug|x86.Build.0 = Debug|Any CPU
		{86883A88-935E-471C-94CC-A75BF8047D43}.Release|Any CPU.ActiveCfg = Release|Any CPU
		{86883A88-935E-471C-94CC-A75BF8047D43}.Release|Any CPU.Build.0 = Release|Any CPU
		{86883A88-935E-471C-94CC-A75BF8047D43}.Release|x64.ActiveCfg = Release|Any CPU
		{86883A88-935E-471C-94CC-A75BF8047D43}.Release|x64.Build.0 = Release|Any CPU
		{86883A88-935E-471C-94CC-A75BF8047D43}.Release|x86.ActiveCfg = Release|Any CPU
		{86883A88-935E-471C-94CC-A75BF8047D43}.Release|x86.Build.0 = Release|Any CPU
		{19889646-5C86-4EDD-83D5-25E164F3617F}.Debug|Any CPU.ActiveCfg = Debug|Any CPU
		{19889646-5C86-4EDD-83D5-25E164F3617F}.Debug|Any CPU.Build.0 = Debug|Any CPU
		{19889646-5C86-4EDD-83D5-25E164F3617F}.Debug|x64.ActiveCfg = Debug|Any CPU
		{19889646-5C86-4EDD-83D5-25E164F3617F}.Debug|x64.Build.0 = Debug|Any CPU
		{19889646-5C86-4EDD-83D5-25E164F3617F}.Debug|x86.ActiveCfg = Debug|Any CPU
		{19889646-5C86-4EDD-83D5-25E164F3617F}.Debug|x86.Build.0 = Debug|Any CPU
		{19889646-5C86-4EDD-83D5-25E164F3617F}.Release|Any CPU.ActiveCfg = Release|Any CPU
		{19889646-5C86-4EDD-83D5-25E164F3617F}.Release|Any CPU.Build.0 = Release|Any CPU
		{19889646-5C86-4EDD-83D5-25E164F3617F}.Release|x64.ActiveCfg = Release|Any CPU
		{19889646-5C86-4EDD-83D5-25E164F3617F}.Release|x64.Build.0 = Release|Any CPU
		{19889646-5C86-4EDD-83D5-25E164F3617F}.Release|x86.ActiveCfg = Release|Any CPU
		{19889646-5C86-4EDD-83D5-25E164F3617F}.Release|x86.Build.0 = Release|Any CPU
	EndGlobalSection
	GlobalSection(SolutionProperties) = preSolution
		HideSolutionNode = FALSE
	EndGlobalSection
	GlobalSection(ExtensibilityGlobals) = postSolution
		SolutionGuid = {56BD659E-70A7-4979-8DEA-189C4D812359}
	EndGlobalSection
EndGlobal
